{
  "name": "@hia-doc/hia-htmdoc-workspace",
  "version": "0.1.0",
  "lockfileVersion": 3,
  "requires": true,
  "packages": {
    "": {
      "name": "@hia-doc/hia-htmdoc-workspace",
      "version": "0.1.0",
      "license": "MIT",
      "workspaces": [
        "packages/*"
      ],
      "engines": {
        "node": ">=20.19.0"
      }
    },
    "node_modules/@hia-doc/cem-adapter": {
      "resolved": "packages/cem-adapter",
      "link": true
    },
    "node_modules/@hia-doc/htmdoc-producer": {
      "resolved": "packages/htmdoc-producer",
      "link": true
    },
    "node_modules/@hia-doc/htmdoc-runner": {
      "resolved": "packages/htmdoc-runner",
      "link": true
    },
    "node_modules/@hia-doc/htmdoc-spec": {
      "resolved": "packages/htmdoc-spec",
      "link": true
    },
    "node_modules/@hia-doc/html-doc-adapter": {
      "resolved": "packages/html-doc-adapter",
      "link": true
    },
    "node_modules/@hia-doc/html-doc-extractor": {
      "resolved": "packages/html-doc-extractor",
      "link": true
    },
    "node_modules/@hia-doc/html-doc-source-map": {
      "resolved": "packages/html-doc-source-map",
      "link": true
    },
    "node_modules/@hia-doc/html-parser": {
      "resolved": "packages/html-parser",
      "link": true
    },
    "packages/cem-adapter": {
      "name": "@hia-doc/cem-adapter",
      "version": "0.1.0",
      "license": "MIT",
      "dependencies": {
        "@hia-doc/htmdoc-spec": "0.1.0"
      },
      "engines": {
        "node": ">=20.19.0"
      }
    },
    "packages/htmdoc-producer": {
      "name": "@hia-doc/htmdoc-producer",
      "version": "0.1.0",
      "license": "MIT",
      "dependencies": {
        "@hia-doc/htmdoc-runner": "0.1.0"
      },
      "engines": {
        "node": ">=20.19.0"
      }
    },
    "packages/htmdoc-runner": {
      "name": "@hia-doc/htmdoc-runner",
      "version": "0.1.0",
      "license": "MIT",
      "dependencies": {
        "@hia-doc/cem-adapter": "0.1.0",
        "@hia-doc/htmdoc-spec": "0.1.0",
        "@hia-doc/html-doc-adapter": "0.1.0",
        "@hia-doc/html-doc-extractor": "0.1.0",
        "@hia-doc/html-doc-source-map": "0.1.0"
      },
      "bin": {
        "htmdoc": "src/cli.mjs",
        "htmdoc-handoff": "src/html-authoring-handoff-cli.mjs"
      },
      "engines": {
        "node": ">=20.19.0"
      }
    },
    "packages/htmdoc-spec": {
      "name": "@hia-doc/htmdoc-spec",
      "version": "0.1.0",
      "license": "MIT",
      "engines": {
        "node": ">=20.19.0"
      }
    },
    "packages/html-doc-adapter": {
      "name": "@hia-doc/html-doc-adapter",
      "version": "0.1.0",
      "license": "MIT",
      "dependencies": {
        "@hia-doc/htmdoc-spec": "0.1.0"
      },
      "engines": {
        "node": ">=20.19.0"
      }
    },
    "packages/html-doc-extractor": {
      "name": "@hia-doc/html-doc-extractor",
      "version": "0.1.0",
      "license": "MIT",
      "dependencies": {
        "@hia-doc/htmdoc-spec": "0.1.0",
        "@hia-doc/html-doc-source-map": "0.1.0",
        "@hia-doc/html-parser": "0.1.0"
      },
      "engines": {
        "node": ">=20.19.0"
      }
    },
    "packages/html-doc-source-map": {
      "name": "@hia-doc/html-doc-source-map",
      "version": "0.1.0",
      "license": "MIT",
      "engines": {
        "node": ">=20.19.0"
      }
    },
    "packages/html-parser": {
      "name": "@hia-doc/html-parser",
      "version": "0.1.0",
      "license": "MIT",
      "dependencies": {
        "parse5": "7.3.0"
      },
      "engines": {
        "node": ">=20.19.0"
      }
    },
    "packages/html-parser/node_modules/entities": {
      "version": "6.0.1",
      "resolved": "https://registry.npmjs.org/entities/-/entities-6.0.1.tgz",
      "integrity": "sha512-aN97NXWF6AWBTahfVOIrB/NShkzi5H7F9r1s9mD3cDj4Ko5f2qhhVoYMibXF7GlLveb/D2ioWay8lxI97Ven3g==",
      "engines": {
        "node": ">=0.12"
      },
      "funding": {
        "url": "https://github.com/fb55/entities?sponsor=1"
      }
    },
    "packages/html-parser/node_modules/parse5": {
      "version": "7.3.0",
      "resolved": "https://registry.npmjs.org/parse5/-/parse5-7.3.0.tgz",
      "integrity": "sha512-IInvU7fabl34qmi9gY8XOVxhYyMyuH2xUNpb2q8/Y+7552KlejkRvqvD19nMoUW/uQGGbqNpA6Tufu5FL5BZgw==",
      "dependencies": {
        "entities": "^6.0.0"
      },
      "funding": {
        "url": "https://github.com/inikulin/parse5?sponsor=1"
      }
    }
  }
}
